
Microsoft Visual Studio Solution File, Format Version 12.00
# Visual Studio Version 17
VisualStudioVersion = 17.8.34525.116
MinimumVisualStudioVersion = 10.0.40219.1
Project("{FAE04EC0-301F-11D3-BF4B-00C04F79EFBC}") = "ReflectionAvalonia", "ReflectionAvalonia\ReflectionAvalonia.csproj", "{4F145497-7F1A-406B-9EC4-5959E583ECF5}"
EndProject
Global
	GlobalSection(SolutionConfigurationPlatforms) = preSolution
		Debug|Any CPU = Debug|Any CPU
		Release|Any CPU = Release|Any CPU
	EndGlobalSection
	GlobalSection(ProjectConfigurationPlatforms) = postSolution
		{4F145497-7F1A-406B-9EC4-5959E583ECF5}.Debug|Any CPU.ActiveCfg = Debug|Any CPU
		{4F145497-7F1A-406B-9EC4-5959E583ECF5}.Debug|Any CPU.Build.0 = Debug|Any CPU
		{4F145497-7F1A-406B-9EC4-5959E583ECF5}.Release|Any CPU.ActiveCfg = Release|Any CPU
		{4F145497-7F1A-406B-9EC4-5959E583ECF5}.Release|Any CPU.Build.0 = Release|Any CPU
	EndGlobalSection
	GlobalSection(SolutionProperties) = preSolution
		HideSolutionNode = FALSE
	EndGlobalSection
	GlobalSection(ExtensibilityGlobals) = postSolution
		SolutionGuid = {423155EA-DA7F-4A0D-818B-F68112693D2E}
	EndGlobalSection
EndGlobal
